
Microsoft Visual Studio Solution File, Format Version 12.00
# Visual Studio Version 17
VisualStudioVersion = 17.0.31903.59
MinimumVisualStudioVersion = 10.0.40219.1
Project("{FAE04EC0-301F-11D3-BF4B-00C04F79EFBC}") = "18.10-HW-TicTacToe", "18.10-HW-TicTacToe\18.10-HW-TicTacToe.csproj", "{DCDF7070-6001-4982-BCE4-657ECB4F60E2}"
EndProject
Project("{F2A71F9B-5D33-465A-A702-920D77279786}") = "asdsd", "asdsd\asdsd.fsproj", "{963B1AF5-27A6-4C15-9DC5-9120A30959EB}"
EndProject
Global
	GlobalSection(SolutionConfigurationPlatforms) = preSolution
		Debug|Any CPU = Debug|Any CPU
		Release|Any CPU = Release|Any CPU
	EndGlobalSection
	GlobalSection(SolutionProperties) = preSolution
		HideSolutionNode = FALSE
	EndGlobalSection
	GlobalSection(ProjectConfigurationPlatforms) = postSolution
		{DCDF7070-6001-4982-BCE4-657ECB4F60E2}.Debug|Any CPU.ActiveCfg = Debug|Any CPU
		{DCDF7070-6001-4982-BCE4-657ECB4F60E2}.Debug|Any CPU.Build.0 = Debug|Any CPU
		{DCDF7070-6001-4982-BCE4-657ECB4F60E2}.Release|Any CPU.ActiveCfg = Release|Any CPU
		{DCDF7070-6001-4982-BCE4-657ECB4F60E2}.Release|Any CPU.Build.0 = Release|Any CPU
		{963B1AF5-27A6-4C15-9DC5-9120A30959EB}.Debug|Any CPU.ActiveCfg = Debug|Any CPU
		{963B1AF5-27A6-4C15-9DC5-9120A30959EB}.Debug|Any CPU.Build.0 = Debug|Any CPU
		{963B1AF5-27A6-4C15-9DC5-9120A30959EB}.Release|Any CPU.ActiveCfg = Release|Any CPU
		{963B1AF5-27A6-4C15-9DC5-9120A30959EB}.Release|Any CPU.Build.0 = Release|Any CPU
	EndGlobalSection
EndGlobal
